
Microsoft Visual Studio Solution File, Format Version 12.00
# Visual Studio Version 17
VisualStudioVersion = 17.0.31903.59
MinimumVisualStudioVersion = 10.0.40219.1
Project("{2150E333-8FDC-42A3-9474-1A3956D46DE8}") = "src", "src", "{957EC774-A2E2-4C2A-B867-183E8776E4CA}"
EndProject
Project("{FAE04EC0-301F-11D3-BF4B-00C04F79EFBC}") = "GNex.Core", "src\GNex.Core\GNex.Core.csproj", "{2490A98A-BFE8-4607-84CA-73FDE3081FD1}"
EndProject
Project("{FAE04EC0-301F-11D3-BF4B-00C04F79EFBC}") = "GNex.Agents", "src\GNex.Agents\GNex.Agents.csproj", "{180CE1AD-42C4-40C5-8BE9-FB899AED5A59}"
EndProject
Project("{FAE04EC0-301F-11D3-BF4B-00C04F79EFBC}") = "GNex.Studio", "src\GNex.Studio\GNex.Studio.csproj", "{79314174-CCFB-4A44-8928-F78C861CCAA3}"
EndProject
Project("{2150E333-8FDC-42A3-9474-1A3956D46DE8}") = "tests", "tests", "{91CCFB91-ADE0-4798-AAAF-2FD9CA9A5132}"
EndProject
Project("{FAE04EC0-301F-11D3-BF4B-00C04F79EFBC}") = "GNex.Tests", "tests\GNex.Tests\GNex.Tests.csproj", "{A44B1C26-F4F4-466F-A6A7-A6C4D1927E31}"
EndProject
Project("{2150E333-8FDC-42A3-9474-1A3956D46DE8}") = "Database", "Database", "{88179AA7-2C9A-580D-BB92-4EE02BFD2BE3}"
EndProject
Project("{FAE04EC0-301F-11D3-BF4B-00C04F79EFBC}") = "GNex.Database", "src\Database\GNex.Database.csproj", "{7E8D6621-9704-4508-B148-87253ADFDE66}"
EndProject
Project("{2150E333-8FDC-42A3-9474-1A3956D46DE8}") = "Services", "Services", "{09EECD5C-88DF-DC38-B303-C73104CD314B}"
EndProject
Project("{FAE04EC0-301F-11D3-BF4B-00C04F79EFBC}") = "GNex.Services", "src\Services\GNex.Services.csproj", "{6F7C10D0-C709-4BC8-A6A6-F23D52F894A5}"
EndProject
Global
	GlobalSection(SolutionConfigurationPlatforms) = preSolution
		Debug|Any CPU = Debug|Any CPU
		Debug|x64 = Debug|x64
		Debug|x86 = Debug|x86
		Release|Any CPU = Release|Any CPU
		Release|x64 = Release|x64
		Release|x86 = Release|x86
	EndGlobalSection
	GlobalSection(ProjectConfigurationPlatforms) = postSolution
		{2490A98A-BFE8-4607-84CA-73FDE3081FD1}.Debug|Any CPU.ActiveCfg = Debug|Any CPU
		{2490A98A-BFE8-4607-84CA-73FDE3081FD1}.Debug|Any CPU.Build.0 = Debug|Any CPU
		{2490A98A-BFE8-4607-84CA-73FDE3081FD1}.Debug|x64.ActiveCfg = Debug|Any CPU
		{2490A98A-BFE8-4607-84CA-73FDE3081FD1}.Debug|x64.Build.0 = Debug|Any CPU
		{2490A98A-BFE8-4607-84CA-73FDE3081FD1}.Debug|x86.ActiveCfg = Debug|Any CPU
		{2490A98A-BFE8-4607-84CA-73FDE3081FD1}.Debug|x86.Build.0 = Debug|Any CPU
		{2490A98A-BFE8-4607-84CA-73FDE3081FD1}.Release|Any CPU.ActiveCfg = Release|Any CPU
		{2490A98A-BFE8-4607-84CA-73FDE3081FD1}.Release|Any CPU.Build.0 = Release|Any CPU
		{2490A98A-BFE8-4607-84CA-73FDE3081FD1}.Release|x64.ActiveCfg = Release|Any CPU
		{2490A98A-BFE8-4607-84CA-73FDE3081FD1}.Release|x64.Build.0 = Release|Any CPU
		{2490A98A-BFE8-4607-84CA-73FDE3081FD1}.Release|x86.ActiveCfg = Release|Any CPU
		{2490A98A-BFE8-4607-84CA-73FDE3081FD1}.Release|x86.Build.0 = Release|Any CPU
		{180CE1AD-42C4-40C5-8BE9-FB899AED5A59}.Debug|Any CPU.ActiveCfg = Debug|Any CPU
		{180CE1AD-42C4-40C5-8BE9-FB899AED5A59}.Debug|Any CPU.Build.0 = Debug|Any CPU
		{180CE1AD-42C4-40C5-8BE9-FB899AED5A59}.Debug|x64.ActiveCfg = Debug|Any CPU
		{180CE1AD-42C4-40C5-8BE9-FB899AED5A59}.Debug|x64.Build.0 = Debug|Any CPU
		{180CE1AD-42C4-40C5-8BE9-FB899AED5A59}.Debug|x86.ActiveCfg = Debug|Any CPU
		{180CE1AD-42C4-40C5-8BE9-FB899AED5A59}.Debug|x86.Build.0 = Debug|Any CPU
		{180CE1AD-42C4-40C5-8BE9-FB899AED5A59}.Release|Any CPU.ActiveCfg = Release|Any CPU
		{180CE1AD-42C4-40C5-8BE9-FB899AED5A59}.Release|Any CPU.Build.0 = Release|Any CPU
		{180CE1AD-42C4-40C5-8BE9-FB899AED5A59}.Release|x64.ActiveCfg = Release|Any CPU
		{180CE1AD-42C4-40C5-8BE9-FB899AED5A59}.Release|x64.Build.0 = Release|Any CPU
		{180CE1AD-42C4-40C5-8BE9-FB899AED5A59}.Release|x86.ActiveCfg = Release|Any CPU
		{180CE1AD-42C4-40C5-8BE9-FB899AED5A59}.Release|x86.Build.0 = Release|Any CPU
		{79314174-CCFB-4A44-8928-F78C861CCAA3}.Debug|Any CPU.ActiveCfg = Debug|Any CPU
		{79314174-CCFB-4A44-8928-F78C861CCAA3}.Debug|Any CPU.Build.0 = Debug|Any CPU
		{79314174-CCFB-4A44-8928-F78C861CCAA3}.Debug|x64.ActiveCfg = Debug|Any CPU
		{79314174-CCFB-4A44-8928-F78C861CCAA3}.Debug|x64.Build.0 = Debug|Any CPU
		{79314174-CCFB-4A44-8928-F78C861CCAA3}.Debug|x86.ActiveCfg = Debug|Any CPU
		{79314174-CCFB-4A44-8928-F78C861CCAA3}.Debug|x86.Build.0 = Debug|Any CPU
		{79314174-CCFB-4A44-8928-F78C861CCAA3}.Release|Any CPU.ActiveCfg = Release|Any CPU
		{79314174-CCFB-4A44-8928-F78C861CCAA3}.Release|Any CPU.Build.0 = Release|Any CPU
		{79314174-CCFB-4A44-8928-F78C861CCAA3}.Release|x64.ActiveCfg = Release|Any CPU
		{79314174-CCFB-4A44-8928-F78C861CCAA3}.Release|x64.Build.0 = Release|Any CPU
		{79314174-CCFB-4A44-8928-F78C861CCAA3}.Release|x86.ActiveCfg = Release|Any CPU
		{79314174-CCFB-4A44-8928-F78C861CCAA3}.Release|x86.Build.0 = Release|Any CPU
		{A44B1C26-F4F4-466F-A6A7-A6C4D1927E31}.Debug|Any CPU.ActiveCfg = Debug|Any CPU
		{A44B1C26-F4F4-466F-A6A7-A6C4D1927E31}.Debug|Any CPU.Build.0 = Debug|Any CPU
		{A44B1C26-F4F4-466F-A6A7-A6C4D1927E31}.Debug|x64.ActiveCfg = Debug|Any CPU
		{A44B1C26-F4F4-466F-A6A7-A6C4D1927E31}.Debug|x64.Build.0 = Debug|Any CPU
		{A44B1C26-F4F4-466F-A6A7-A6C4D1927E31}.Debug|x86.ActiveCfg = Debug|Any CPU
		{A44B1C26-F4F4-466F-A6A7-A6C4D1927E31}.Debug|x86.Build.0 = Debug|Any CPU
		{A44B1C26-F4F4-466F-A6A7-A6C4D1927E31}.Release|Any CPU.ActiveCfg = Release|Any CPU
		{A44B1C26-F4F4-466F-A6A7-A6C4D1927E31}.Release|Any CPU.Build.0 = Release|Any CPU
		{A44B1C26-F4F4-466F-A6A7-A6C4D1927E31}.Release|x64.ActiveCfg = Release|Any CPU
		{A44B1C26-F4F4-466F-A6A7-A6C4D1927E31}.Release|x64.Build.0 = Release|Any CPU
		{A44B1C26-F4F4-466F-A6A7-A6C4D1927E31}.Release|x86.ActiveCfg = Release|Any CPU
		{A44B1C26-F4F4-466F-A6A7-A6C4D1927E31}.Release|x86.Build.0 = Release|Any CPU
		{7E8D6621-9704-4508-B148-87253ADFDE66}.Debug|Any CPU.ActiveCfg = Debug|Any CPU
		{7E8D6621-9704-4508-B148-87253ADFDE66}.Debug|Any CPU.Build.0 = Debug|Any CPU
		{7E8D6621-9704-4508-B148-87253ADFDE66}.Debug|x64.ActiveCfg = Debug|Any CPU
		{7E8D6621-9704-4508-B148-87253ADFDE66}.Debug|x64.Build.0 = Debug|Any CPU
		{7E8D6621-9704-4508-B148-87253ADFDE66}.Debug|x86.ActiveCfg = Debug|Any CPU
		{7E8D6621-9704-4508-B148-87253ADFDE66}.Debug|x86.Build.0 = Debug|Any CPU
		{7E8D6621-9704-4508-B148-87253ADFDE66}.Release|Any CPU.ActiveCfg = Release|Any CPU
		{7E8D6621-9704-4508-B148-87253ADFDE66}.Release|Any CPU.Build.0 = Release|Any CPU
		{7E8D6621-9704-4508-B148-87253ADFDE66}.Release|x64.ActiveCfg = Release|Any CPU
		{7E8D6621-9704-4508-B148-87253ADFDE66}.Release|x64.Build.0 = Release|Any CPU
		{7E8D6621-9704-4508-B148-87253ADFDE66}.Release|x86.ActiveCfg = Release|Any CPU
		{7E8D6621-9704-4508-B148-87253ADFDE66}.Release|x86.Build.0 = Release|Any CPU
		{6F7C10D0-C709-4BC8-A6A6-F23D52F894A5}.Debug|Any CPU.ActiveCfg = Debug|Any CPU
		{6F7C10D0-C709-4BC8-A6A6-F23D52F894A5}.Debug|Any CPU.Build.0 = Debug|Any CPU
		{6F7C10D0-C709-4BC8-A6A6-F23D52F894A5}.Debug|x64.ActiveCfg = Debug|Any CPU
		{6F7C10D0-C709-4BC8-A6A6-F23D52F894A5}.Debug|x64.Build.0 = Debug|Any CPU
		{6F7C10D0-C709-4BC8-A6A6-F23D52F894A5}.Debug|x86.ActiveCfg = Debug|Any CPU
		{6F7C10D0-C709-4BC8-A6A6-F23D52F894A5}.Debug|x86.Build.0 = Debug|Any CPU
		{6F7C10D0-C709-4BC8-A6A6-F23D52F894A5}.Release|Any CPU.ActiveCfg = Release|Any CPU
		{6F7C10D0-C709-4BC8-A6A6-F23D52F894A5}.Release|Any CPU.Build.0 = Release|Any CPU
		{6F7C10D0-C709-4BC8-A6A6-F23D52F894A5}.Release|x64.ActiveCfg = Release|Any CPU
		{6F7C10D0-C709-4BC8-A6A6-F23D52F894A5}.Release|x64.Build.0 = Release|Any CPU
		{6F7C10D0-C709-4BC8-A6A6-F23D52F894A5}.Release|x86.ActiveCfg = Release|Any CPU
		{6F7C10D0-C709-4BC8-A6A6-F23D52F894A5}.Release|x86.Build.0 = Release|Any CPU
	EndGlobalSection
	GlobalSection(SolutionProperties) = preSolution
		HideSolutionNode = FALSE
	EndGlobalSection
	GlobalSection(NestedProjects) = preSolution
		{2490A98A-BFE8-4607-84CA-73FDE3081FD1} = {957EC774-A2E2-4C2A-B867-183E8776E4CA}
		{180CE1AD-42C4-40C5-8BE9-FB899AED5A59} = {957EC774-A2E2-4C2A-B867-183E8776E4CA}
		{79314174-CCFB-4A44-8928-F78C861CCAA3} = {957EC774-A2E2-4C2A-B867-183E8776E4CA}
		{A44B1C26-F4F4-466F-A6A7-A6C4D1927E31} = {91CCFB91-ADE0-4798-AAAF-2FD9CA9A5132}
		{88179AA7-2C9A-580D-BB92-4EE02BFD2BE3} = {957EC774-A2E2-4C2A-B867-183E8776E4CA}
		{7E8D6621-9704-4508-B148-87253ADFDE66} = {88179AA7-2C9A-580D-BB92-4EE02BFD2BE3}
		{09EECD5C-88DF-DC38-B303-C73104CD314B} = {957EC774-A2E2-4C2A-B867-183E8776E4CA}
		{6F7C10D0-C709-4BC8-A6A6-F23D52F894A5} = {09EECD5C-88DF-DC38-B303-C73104CD314B}
	EndGlobalSection
EndGlobal
